// !$*UTF8*$!
{
	archiveVersion = 1;
	classes = {
	};
	objectVersion = 56;
	objects = {

/* Begin PBXBuildFile section */
		3C551F592A2103B700A1F496 /* iOS_exam_BarbashinaApp.swift in Sources */ = {isa = PBXBuildFile; fileRef = 3C551F582A2103B700A1F496 /* iOS_exam_BarbashinaApp.swift */; };
		3C551F5B2A2103B700A1F496 /* GameView.swift in Sources */ = {isa = PBXBuildFile; fileRef = 3C551F5A2A2103B700A1F496 /* GameView.swift */; };
		3C551F5D2A2103B900A1F496 /* Assets.xcassets in Resources */ = {isa = PBXBuildFile; fileRef = 3C551F5C2A2103B900A1F496 /* Assets.xcassets */; };
		3C551F602A2103B900A1F496 /* Preview Assets.xcassets in Resources */ = {isa = PBXBuildFile; fileRef = 3C551F5F2A2103B900A1F496 /* Preview Assets.xcassets */; };
		3C551F6C2A2107B000A1F496 /* Tile.swift in Sources */ = {isa = PBXBuildFile; fileRef = 3C551F6B2A2107B000A1F496 /* Tile.swift */; };
		3C551F6E2A2107F800A1F496 /* SpotViewModel.swift in Sources */ = {isa = PBXBuildFile; fileRef = 3C551F6D2A2107F700A1F496 /* SpotViewModel.swift */; };
		3C551F702A21153600A1F496 /* TileGrid.swift in Sources */ = {isa = PBXBuildFile; fileRef = 3C551F6F2A21153600A1F496 /* TileGrid.swift */; };
		3C551F732A2115F100A1F496 /* Constants.swift in Sources */ = {isa = PBXBuildFile; fileRef = 3C551F722A2115F100A1F496 /* Constants.swift */; };
/* End PBXBuildFile section */

/* Begin PBXFileReference section */
		3C551F552A2103B700A1F496 /* iOS-exam-Barbashina.app */ = {isa = PBXFileReference; explicitFileType = wrapper.application; includeInIndex = 0; path = "iOS-exam-Barbashina.app"; sourceTree = BUILT_PRODUCTS_DIR; };
		3C551F582A2103B700A1F496 /* iOS_exam_BarbashinaApp.swift */ = {isa = PBXFileReference; lastKnownFileType = sourcecode.swift; path = iOS_exam_BarbashinaApp.swift; sourceTree = "<group>"; };
		3C551F5A2A2103B700A1F496 /* GameView.swift */ = {isa = PBXFileReference; lastKnownFileType = sourcecode.swift; path = GameView.swift; sourceTree = "<group>"; };
		3C551F5C2A2103B900A1F496 /* Assets.xcassets */ = {isa = PBXFileReference; lastKnownFileType = folder.assetcatalog; path = Assets.xcassets; sourceTree = "<group>"; };
		3C551F5F2A2103B900A1F496 /* Preview Assets.xcassets */ = {isa = PBXFileReference; lastKnownFileType = folder.assetcatalog; path = "Preview Assets.xcassets"; sourceTree = "<group>"; };
		3C551F6B2A2107B000A1F496 /* Tile.swift */ = {isa = PBXFileReference; lastKnownFileType = sourcecode.swift; path = Tile.swift; sourceTree = "<group>"; };
		3C551F6D2A2107F700A1F496 /* SpotViewModel.swift */ = {isa = PBXFileReference; lastKnownFileType = sourcecode.swift; path = SpotViewModel.swift; sourceTree = "<group>"; };
		3C551F6F2A21153600A1F496 /* TileGrid.swift */ = {isa = PBXFileReference; lastKnownFileType = sourcecode.swift; path = TileGrid.swift; sourceTree = "<group>"; };
		3C551F722A2115F100A1F496 /* Constants.swift */ = {isa = PBXFileReference; lastKnownFileType = sourcecode.swift; path = Constants.swift; sourceTree = "<group>"; };
/* End PBXFileReference section */

/* Begin PBXFrameworksBuildPhase section */
		3C551F522A2103B700A1F496 /* Frameworks */ = {
			isa = PBXFrameworksBuildPhase;
			buildActionMask = 2147483647;
			files = (
			);
			runOnlyForDeploymentPostprocessing = 0;
		};
/* End PBXFrameworksBuildPhase section */

/* Begin PBXGroup section */
		3C551F4C2A2103B700A1F496 = {
			isa = PBXGroup;
			children = (
				3C551F572A2103B700A1F496 /* iOS-exam-Barbashina */,
				3C551F562A2103B700A1F496 /* Products */,
			);
			sourceTree = "<group>";
		};
		3C551F562A2103B700A1F496 /* Products */ = {
			isa = PBXGroup;
			children = (
				3C551F552A2103B700A1F496 /* iOS-exam-Barbashina.app */,
			);
			name = Products;
			sourceTree = "<group>";
		};
		3C551F572A2103B700A1F496 /* iOS-exam-Barbashina */ = {
			isa = PBXGroup;
			children = (
				3C551F712A2115E300A1F496 /* Utilities */,
				3C551F682A21042900A1F496 /* ViewModels */,
				3C551F672A21042300A1F496 /* Models */,
				3C551F662A21041A00A1F496 /* Views */,
				3C551F582A2103B700A1F496 /* iOS_exam_BarbashinaApp.swift */,
				3C551F5C2A2103B900A1F496 /* Assets.xcassets */,
				3C551F5E2A2103B900A1F496 /* Preview Content */,
			);
			path = "iOS-exam-Barbashina";
			sourceTree = "<group>";
		};
		3C551F5E2A2103B900A1F496 /* Preview Content */ = {
			isa = PBXGroup;
			children = (
				3C551F5F2A2103B900A1F496 /* Preview Assets.xcassets */,
			);
			path = "Preview Content";
			sourceTree = "<group>";
		};
		3C551F662A21041A00A1F496 /* Views */ = {
			isa = PBXGroup;
			children = (
				3C551F5A2A2103B700A1F496 /* GameView.swift */,
				3C551F6F2A21153600A1F496 /* TileGrid.swift */,
			);
			path = Views;
			sourceTree = "<group>";
		};
		3C551F672A21042300A1F496 /* Models */ = {
			isa = PBXGroup;
			children = (
				3C551F6B2A2107B000A1F496 /* Tile.swift */,
			);
			path = Models;
			sourceTree = "<group>";
		};
		3C551F682A21042900A1F496 /* ViewModels */ = {
			isa = PBXGroup;
			children = (
				3C551F6D2A2107F700A1F496 /* SpotViewModel.swift */,
			);
			path = ViewModels;
			sourceTree = "<group>";
		};
		3C551F712A2115E300A1F496 /* Utilities */ = {
			isa = PBXGroup;
			children = (
				3C551F722A2115F100A1F496 /* Constants.swift */,
			);
			path = Utilities;
			sourceTree = "<group>";
		};
/* End PBXGroup section */

/* Begin PBXNativeTarget section */
		3C551F542A2103B700A1F496 /* iOS-exam-Barbashina */ = {
			isa = PBXNativeTarget;
			buildConfigurationList = 3C551F632A2103B900A1F496 /* Build configuration list for PBXNativeTarget "iOS-exam-Barbashina" */;
			buildPhases = (
				3C551F512A2103B700A1F496 /* Sources */,
				3C551F522A2103B700A1F496 /* Frameworks */,
				3C551F532A2103B700A1F496 /* Resources */,
			);
			buildRules = (
			);
			dependencies = (
			);
			name = "iOS-exam-Barbashina";
			productName = "iOS-exam-Barbashina";
			productReference = 3C551F552A2103B700A1F496 /* iOS-exam-Barbashina.app */;
			productType = "com.apple.product-type.application";
		};
/* End PBXNativeTarget section */

/* Begin PBXProject section */
		3C551F4D2A2103B700A1F496 /* Project object */ = {
			isa = PBXProject;
			attributes = {
				BuildIndependentTargetsInParallel = 1;
				LastSwiftUpdateCheck = 1420;
				LastUpgradeCheck = 1420;
				TargetAttributes = {
					3C551F542A2103B700A1F496 = {
						CreatedOnToolsVersion = 14.2;
					};
				};
			};
			buildConfigurationList = 3C551F502A2103B700A1F496 /* Build configuration list for PBXProject "iOS-exam-Barbashina" */;
			compatibilityVersion = "Xcode 14.0";
			developmentRegion = en;
			hasScannedForEncodings = 0;
			knownRegions = (
				en,
				Base,
			);
			mainGroup = 3C551F4C2A2103B700A1F496;
			productRefGroup = 3C551F562A2103B700A1F496 /* Products */;
			projectDirPath = "";
			projectRoot = "";
			targets = (
				3C551F542A2103B700A1F496 /* iOS-exam-Barbashina */,
			);
		};
/* End PBXProject section */

/* Begin PBXResourcesBuildPhase section */
		3C551F532A2103B700A1F496 /* Resources */ = {
			isa = PBXResourcesBuildPhase;
			buildActionMask = 2147483647;
			files = (
				3C551F602A2103B900A1F496 /* Preview Assets.xcassets in Resources */,
				3C551F5D2A2103B900A1F496 /* Assets.xcassets in Resources */,
			);
			runOnlyForDeploymentPostprocessing = 0;
		};
/* End PBXResourcesBuildPhase section */

/* Begin PBXSourcesBuildPhase section */
		3C551F512A2103B700A1F496 /* Sources */ = {
			isa = PBXSourcesBuildPhase;
			buildActionMask = 2147483647;
			files = (
				3C551F6E2A2107F800A1F496 /* SpotViewModel.swift in Sources */,
				3C551F702A21153600A1F496 /* TileGrid.swift in Sources */,
				3C551F6C2A2107B000A1F496 /* Tile.swift in Sources */,
				3C551F5B2A2103B700A1F496 /* GameView.swift in Sources */,
				3C551F592A2103B700A1F496 /* iOS_exam_BarbashinaApp.swift in Sources */,
				3C551F732A2115F100A1F496 /* Constants.swift in Sources */,
			);
			runOnlyForDeploymentPostprocessing = 0;
		};
/* End PBXSourcesBuildPhase section */

/* Begin XCBuildConfiguration section */
		3C551F612A2103B900A1F496 /* Debug */ = {
			isa = XCBuildConfiguration;
			buildSettings = {
				ALWAYS_SEARCH_USER_PATHS = NO;
				CLANG_ANALYZER_NONNULL = YES;
				CLANG_ANALYZER_NUMBER_OBJECT_CONVERSION = YES_AGGRESSIVE;
				CLANG_CXX_LANGUAGE_STANDARD = "gnu++20";
				CLANG_ENABLE_MODULES = YES;
				CLANG_ENABLE_OBJC_ARC = YES;
				CLANG_ENABLE_OBJC_WEAK = YES;
				CLANG_WARN_BLOCK_CAPTURE_AUTORELEASING = YES;
				CLANG_WARN_BOOL_CONVERSION = YES;
				CLANG_WARN_COMMA = YES;
				CLANG_WARN_CONSTANT_CONVERSION = YES;
				CLANG_WARN_DEPRECATED_OBJC_IMPLEMENTATIONS = YES;
				CLANG_WARN_DIRECT_OBJC_ISA_USAGE = YES_ERROR;
				CLANG_WARN_DOCUMENTATION_COMMENTS = YES;
				CLANG_WARN_EMPTY_BODY = YES;
				CLANG_WARN_ENUM_CONVERSION = YES;
				CLANG_WARN_INFINITE_RECURSION = YES;
				CLANG_WARN_INT_CONVERSION = YES;
				CLANG_WARN_NON_LITERAL_NULL_CONVERSION = YES;
				CLANG_WARN_OBJC_IMPLICIT_RETAIN_SELF = YES;
				CLANG_WARN_OBJC_LITERAL_CONVERSION = YES;
				CLANG_WARN_OBJC_ROOT_CLASS = YES_ERROR;
				CLANG_WARN_QUOTED_INCLUDE_IN_FRAMEWORK_HEADER = YES;
				CLANG_WARN_RANGE_LOOP_ANALYSIS = YES;
				CLANG_WARN_STRICT_PROTOTYPES = YES;
				CLANG_WARN_SUSPICIOUS_MOVE = YES;
				CLANG_WARN_UNGUARDED_AVAILABILITY = YES_AGGRESSIVE;
				CLANG_WARN_UNREACHABLE_CODE = YES;
				CLANG_WARN__DUPLICATE_METHOD_MATCH = YES;
				COPY_PHASE_STRIP = NO;
				DEBUG_INFORMATION_FORMAT = dwarf;
				ENABLE_STRICT_OBJC_MSGSEND = YES;
				ENABLE_TESTABILITY = YES;
				GCC_C_LANGUAGE_STANDARD = gnu11;
				GCC_DYNAMIC_NO_PIC = NO;
				GCC_NO_COMMON_BLOCKS = YES;
				GCC_OPTIMIZATION_LEVEL = 0;
				GCC_PREPROCESSOR_DEFINITIONS = (
					"DEBUG=1",
					"$(inherited)",
				);
				GCC_WARN_64_TO_32_BIT_CONVERSION = YES;
				GCC_WARN_ABOUT_RETURN_TYPE = YES_ERROR;
				GCC_WARN_UNDECLARED_SELECTOR = YES;
				GCC_WARN_UNINITIALIZED_AUTOS = YES_AGGRESSIVE;
				GCC_WARN_UNUSED_FUNCTION = YES;
				GCC_WARN_UNUSED_VARIABLE = YES;
				IPHONEOS_DEPLOYMENT_TARGET = 16.2;
				MTL_ENABLE_DEBUG_INFO = INCLUDE_SOURCE;
				MTL_FAST_MATH = YES;
				ONLY_ACTIVE_ARCH = YES;
				SDKROOT = iphoneos;
				SWIFT_ACTIVE_COMPILATION_CONDITIONS = DEBUG;
				SWIFT_OPTIMIZATION_LEVEL = "-Onone";
			};
			name = Debug;
		};
		3C551F622A2103B900A1F496 /* Release */ = {
			isa = XCBuildConfiguration;
			buildSettings = {
				ALWAYS_SEARCH_USER_PATHS = NO;
				CLANG_ANALYZER_NONNULL = YES;
				CLANG_ANALYZER_NUMBER_OBJECT_CONVERSION = YES_AGGRESSIVE;
				CLANG_CXX_LANGUAGE_STANDARD = "gnu++20";
				CLANG_ENABLE_MODULES = YES;
				CLANG_ENABLE_OBJC_ARC = YES;
				CLANG_ENABLE_OBJC_WEAK = YES;
				CLANG_WARN_BLOCK_CAPTURE_AUTORELEASING = YES;
				CLANG_WARN_BOOL_CONVERSION = YES;
				CLANG_WARN_COMMA = YES;
				CLANG_WARN_CONSTANT_CONVERSION = YES;
				CLANG_WARN_DEPRECATED_OBJC_IMPLEMENTATIONS = YES;
				CLANG_WARN_DIRECT_OBJC_ISA_USAGE = YES_ERROR;
				CLANG_WARN_DOCUMENTATION_COMMENTS = YES;
				CLANG_WARN_EMPTY_BODY = YES;
				CLANG_WARN_ENUM_CONVERSION = YES;
				CLANG_WARN_INFINITE_RECURSION = YES;
				CLANG_WARN_INT_CONVERSION = YES;
				CLANG_WARN_NON_LITERAL_NULL_CONVERSION = YES;
				CLANG_WARN_OBJC_IMPLICIT_RETAIN_SELF = YES;
				CLANG_WARN_OBJC_LITERAL_CONVERSION = YES;
				CLANG_WARN_OBJC_ROOT_CLASS = YES_ERROR;
				CLANG_WARN_QUOTED_INCLUDE_IN_FRAMEWORK_HEADER = YES;
				CLANG_WARN_RANGE_LOOP_ANALYSIS = YES;
				CLANG_WARN_STRICT_PROTOTYPES = YES;
				CLANG_WARN_SUSPICIOUS_MOVE = YES;
				CLANG_WARN_UNGUARDED_AVAILABILITY = YES_AGGRESSIVE;
				CLANG_WARN_UNREACHABLE_CODE = YES;
				CLANG_WARN__DUPLICATE_METHOD_MATCH = YES;
				COPY_PHASE_STRIP = NO;
				DEBUG_INFORMATION_FORMAT = "dwarf-with-dsym";
				ENABLE_NS_ASSERTIONS = NO;
				ENABLE_STRICT_OBJC_MSGSEND = YES;
				GCC_C_LANGUAGE_STANDARD = gnu11;
				GCC_NO_COMMON_BLOCKS = YES;
				GCC_WARN_64_TO_32_BIT_CONVERSION = YES;
				GCC_WARN_ABOUT_RETURN_TYPE = YES_ERROR;
				GCC_WARN_UNDECLARED_SELECTOR = YES;
				GCC_WARN_UNINITIALIZED_AUTOS = YES_AGGRESSIVE;
				GCC_WARN_UNUSED_FUNCTION = YES;
				GCC_WARN_UNUSED_VARIABLE = YES;
				IPHONEOS_DEPLOYMENT_TARGET = 16.2;
				MTL_ENABLE_DEBUG_INFO = NO;
				MTL_FAST_MATH = YES;
				SDKROOT = iphoneos;
				SWIFT_COMPILATION_MODE = wholemodule;
				SWIFT_OPTIMIZATION_LEVEL = "-O";
				VALIDATE_PRODUCT = YES;
			};
			name = Release;
		};
		3C551F642A2103B900A1F496 /* Debug */ = {
			isa = XCBuildConfiguration;
			buildSettings = {
				ASSETCATALOG_COMPILER_APPICON_NAME = AppIcon;
				ASSETCATALOG_COMPILER_GLOBAL_ACCENT_COLOR_NAME = AccentColor;
				CODE_SIGN_STYLE = Automatic;
				CURRENT_PROJECT_VERSION = 1;
				DEVELOPMENT_ASSET_PATHS = "\"iOS-exam-Barbashina/Preview Content\"";
				DEVELOPMENT_TEAM = M6T69FPPN9;
				ENABLE_PREVIEWS = YES;
				GENERATE_INFOPLIST_FILE = YES;
				INFOPLIST_KEY_UIApplicationSceneManifest_Generation = YES;
				INFOPLIST_KEY_UIApplicationSupportsIndirectInputEvents = YES;
				INFOPLIST_KEY_UILaunchScreen_Generation = YES;
				INFOPLIST_KEY_UISupportedInterfaceOrientations_iPad = "UIInterfaceOrientationPortrait UIInterfaceOrientationPortraitUpsideDown UIInterfaceOrientationLandscapeLeft UIInterfaceOrientationLandscapeRight";
				INFOPLIST_KEY_UISupportedInterfaceOrientations_iPhone = "UIInterfaceOrientationPortrait UIInterfaceOrientationLandscapeLeft UIInterfaceOrientationLandscapeRight";
				IPHONEOS_DEPLOYMENT_TARGET = 16.0;
				LD_RUNPATH_SEARCH_PATHS = (
					"$(inherited)",
					"@executable_path/Frameworks",
				);
				MARKETING_VERSION = 1.0;
				PRODUCT_BUNDLE_IDENTIFIER = "fcs.iOS-exam-Barbashina";
				PRODUCT_NAME = "$(TARGET_NAME)";
				SWIFT_EMIT_LOC_STRINGS = YES;
				SWIFT_VERSION = 5.0;
				TARGETED_DEVICE_FAMILY = "1,2";
			};
			name = Debug;
		};
		3C551F652A2103B900A1F496 /* Release */ = {
			isa = XCBuildConfiguration;
			buildSettings = {
				ASSETCATALOG_COMPILER_APPICON_NAME = AppIcon;
				ASSETCATALOG_COMPILER_GLOBAL_ACCENT_COLOR_NAME = AccentColor;
				CODE_SIGN_STYLE = Automatic;
				CURRENT_PROJECT_VERSION = 1;
				DEVELOPMENT_ASSET_PATHS = "\"iOS-exam-Barbashina/Preview Content\"";
				DEVELOPMENT_TEAM = M6T69FPPN9;
				ENABLE_PREVIEWS = YES;
				GENERATE_INFOPLIST_FILE = YES;
				INFOPLIST_KEY_UIApplicationSceneManifest_Generation = YES;
				INFOPLIST_KEY_UIApplicationSupportsIndirectInputEvents = YES;
				INFOPLIST_KEY_UILaunchScreen_Generation = YES;
				INFOPLIST_KEY_UISupportedInterfaceOrientations_iPad = "UIInterfaceOrientationPortrait UIInterfaceOrientationPortraitUpsideDown UIInterfaceOrientationLandscapeLeft UIInterfaceOrientationLandscapeRight";
				INFOPLIST_KEY_UISupportedInterfaceOrientations_iPhone = "UIInterfaceOrientationPortrait UIInterfaceOrientationLandscapeLeft UIInterfaceOrientationLandscapeRight";
				IPHONEOS_DEPLOYMENT_TARGET = 16.0;
				LD_RUNPATH_SEARCH_PATHS = (
					"$(inherited)",
					"@executable_path/Frameworks",
				);
				MARKETING_VERSION = 1.0;
				PRODUCT_BUNDLE_IDENTIFIER = "fcs.iOS-exam-Barbashina";
				PRODUCT_NAME = "$(TARGET_NAME)";
				SWIFT_EMIT_LOC_STRINGS = YES;
				SWIFT_VERSION = 5.0;
				TARGETED_DEVICE_FAMILY = "1,2";
			};
			name = Release;
		};
/* End XCBuildConfiguration section */

/* Begin XCConfigurationList section */
		3C551F502A2103B700A1F496 /* Build configuration list for PBXProject "iOS-exam-Barbashina" */ = {
			isa = XCConfigurationList;
			buildConfigurations = (
				3C551F612A2103B900A1F496 /* Debug */,
				3C551F622A2103B900A1F496 /* Release */,
			);
			defaultConfigurationIsVisible = 0;
			defaultConfigurationName = Release;
		};
		3C551F632A2103B900A1F496 /* Build configuration list for PBXNativeTarget "iOS-exam-Barbashina" */ = {
			isa = XCConfigurationList;
			buildConfigurations = (
				3C551F642A2103B900A1F496 /* Debug */,
				3C551F652A2103B900A1F496 /* Release */,
			);
			defaultConfigurationIsVisible = 0;
			defaultConfigurationName = Release;
		};
/* End XCConfigurationList section */
	};
	rootObject = 3C551F4D2A2103B700A1F496 /* Project object */;
}
